
Microsoft Visual Studio Solution File, Format Version 12.00
# Visual Studio 15
VisualStudioVersion = 15.0.26124.0
MinimumVisualStudioVersion = 15.0.26124.0
Project("{FAE04EC0-301F-11D3-BF4B-00C04F79EFBC}") = "NumberService", "NumberService\NumberService.csproj", "{D83AEEDD-E3F1-49B8-8792-80C75270888A}"
EndProject
Project("{FAE04EC0-301F-11D3-BF4B-00C04F79EFBC}") = "NumberService.Tests", "NumberService.Tests\NumberService.Tests.csproj", "{8C6AB93A-0229-4570-A4BD-579D625C158E}"
EndProject
Global
	GlobalSection(SolutionConfigurationPlatforms) = preSolution
		Debug|Any CPU = Debug|Any CPU
		Debug|x64 = Debug|x64
		Debug|x86 = Debug|x86
		Release|Any CPU = Release|Any CPU
		Release|x64 = Release|x64
		Release|x86 = Release|x86
	EndGlobalSection
	GlobalSection(SolutionProperties) = preSolution
		HideSolutionNode = FALSE
	EndGlobalSection
	GlobalSection(ProjectConfigurationPlatforms) = postSolution
		{D83AEEDD-E3F1-49B8-8792-80C75270888A}.Debug|Any CPU.ActiveCfg = Debug|Any CPU
		{D83AEEDD-E3F1-49B8-8792-80C75270888A}.Debug|Any CPU.Build.0 = Debug|Any CPU
		{D83AEEDD-E3F1-49B8-8792-80C75270888A}.Debug|x64.ActiveCfg = Debug|Any CPU
		{D83AEEDD-E3F1-49B8-8792-80C75270888A}.Debug|x64.Build.0 = Debug|Any CPU
		{D83AEEDD-E3F1-49B8-8792-80C75270888A}.Debug|x86.ActiveCfg = Debug|Any CPU
		{D83AEEDD-E3F1-49B8-8792-80C75270888A}.Debug|x86.Build.0 = Debug|Any CPU
		{D83AEEDD-E3F1-49B8-8792-80C75270888A}.Release|Any CPU.ActiveCfg = Release|Any CPU
		{D83AEEDD-E3F1-49B8-8792-80C75270888A}.Release|Any CPU.Build.0 = Release|Any CPU
		{D83AEEDD-E3F1-49B8-8792-80C75270888A}.Release|x64.ActiveCfg = Release|Any CPU
		{D83AEEDD-E3F1-49B8-8792-80C75270888A}.Release|x64.Build.0 = Release|Any CPU
		{D83AEEDD-E3F1-49B8-8792-80C75270888A}.Release|x86.ActiveCfg = Release|Any CPU
		{D83AEEDD-E3F1-49B8-8792-80C75270888A}.Release|x86.Build.0 = Release|Any CPU
		{8C6AB93A-0229-4570-A4BD-579D625C158E}.Debug|Any CPU.ActiveCfg = Debug|Any CPU
		{8C6AB93A-0229-4570-A4BD-579D625C158E}.Debug|Any CPU.Build.0 = Debug|Any CPU
		{8C6AB93A-0229-4570-A4BD-579D625C158E}.Debug|x64.ActiveCfg = Debug|Any CPU
		{8C6AB93A-0229-4570-A4BD-579D625C158E}.Debug|x64.Build.0 = Debug|Any CPU
		{8C6AB93A-0229-4570-A4BD-579D625C158E}.Debug|x86.ActiveCfg = Debug|Any CPU
		{8C6AB93A-0229-4570-A4BD-579D625C158E}.Debug|x86.Build.0 = Debug|Any CPU
		{8C6AB93A-0229-4570-A4BD-579D625C158E}.Release|Any CPU.ActiveCfg = Release|Any CPU
		{8C6AB93A-0229-4570-A4BD-579D625C158E}.Release|Any CPU.Build.0 = Release|Any CPU
		{8C6AB93A-0229-4570-A4BD-579D625C158E}.Release|x64.ActiveCfg = Release|Any CPU
		{8C6AB93A-0229-4570-A4BD-579D625C158E}.Release|x64.Build.0 = Release|Any CPU
		{8C6AB93A-0229-4570-A4BD-579D625C158E}.Release|x86.ActiveCfg = Release|Any CPU
		{8C6AB93A-0229-4570-A4BD-579D625C158E}.Release|x86.Build.0 = Release|Any CPU
	EndGlobalSection
EndGlobal
